
Microsoft Visual Studio Solution File, Format Version 12.00
# Visual Studio 2012
Project("{FAE04EC0-301F-11D3-BF4B-00C04F79EFBC}") = "OpenCRM.DB.DomainObjects", "OpenCRM.DomainObjects\OpenCRM.DB.DomainObjects.csproj", "{92705B96-77E6-41A4-8A1F-86456565BE63}"
EndProject
Project("{FAE04EC0-301F-11D3-BF4B-00C04F79EFBC}") = "OpenCRM.BizLogic.Helpers", "OpenCRM.BizLogic.Helpers\OpenCRM.BizLogic.Helpers.csproj", "{389887DD-F837-46F0-A752-110B6840C326}"
EndProject
Project("{FAE04EC0-301F-11D3-BF4B-00C04F79EFBC}") = "OpenCRM.BusinessManagers", "OpenCRM.BusinessManagers\OpenCRM.BusinessManagers.csproj", "{4FA34CE8-CCD1-46AF-B84D-3F05151D5532}"
EndProject
Project("{FAE04EC0-301F-11D3-BF4B-00C04F79EFBC}") = "OpenCRM.Common", "OpenCRM.Common\OpenCRM.Common.csproj", "{386EAFFD-6563-4085-8360-6A945D9C4D40}"
EndProject
Project("{FAE04EC0-301F-11D3-BF4B-00C04F79EFBC}") = "OpenCRM.DB.Repository", "OpenCRM.DB.Repository\OpenCRM.DB.Repository.csproj", "{EA524E6D-EBFC-4ADC-BAE6-06E695C17D4E}"
EndProject
Project("{FAE04EC0-301F-11D3-BF4B-00C04F79EFBC}") = "OpenCRM.DB.Mapping", "OpenCRM.DB.Mapping\OpenCRM.DB.Mapping.csproj", "{9025D8D3-B9D4-4259-8C14-4487C1CC30AD}"
EndProject
Project("{FAE04EC0-301F-11D3-BF4B-00C04F79EFBC}") = "OpenCRM.Web.API", "OpenCRM.Web.API\OpenCRM.Web.API.csproj", "{1BAE0099-44BA-4DF4-A457-8DFAB6BE2C4E}"
EndProject
Project("{2150E333-8FDC-42A3-9474-1A3956D46DE8}") = "BizLogic", "BizLogic", "{4C6023BE-8600-4E19-8EE7-4D1F01A8B126}"
EndProject
Project("{2150E333-8FDC-42A3-9474-1A3956D46DE8}") = "Managers", "Managers", "{85B9DB78-020A-4116-B085-654085EDFB87}"
EndProject
Project("{2150E333-8FDC-42A3-9474-1A3956D46DE8}") = "DB", "DB", "{37B31E94-9C62-419E-8C51-06AD2B24AA49}"
EndProject
Project("{2150E333-8FDC-42A3-9474-1A3956D46DE8}") = "Common", "Common", "{BAAF0650-0843-474A-B8BE-B41A00348190}"
EndProject
Project("{2150E333-8FDC-42A3-9474-1A3956D46DE8}") = "API", "API", "{52847CBE-8699-42BC-BFF1-8411FD5613F7}"
EndProject
Global
	GlobalSection(SolutionConfigurationPlatforms) = preSolution
		Debug|Any CPU = Debug|Any CPU
		Release|Any CPU = Release|Any CPU
	EndGlobalSection
	GlobalSection(ProjectConfigurationPlatforms) = postSolution
		{92705B96-77E6-41A4-8A1F-86456565BE63}.Debug|Any CPU.ActiveCfg = Debug|Any CPU
		{92705B96-77E6-41A4-8A1F-86456565BE63}.Debug|Any CPU.Build.0 = Debug|Any CPU
		{92705B96-77E6-41A4-8A1F-86456565BE63}.Release|Any CPU.ActiveCfg = Release|Any CPU
		{92705B96-77E6-41A4-8A1F-86456565BE63}.Release|Any CPU.Build.0 = Release|Any CPU
		{389887DD-F837-46F0-A752-110B6840C326}.Debug|Any CPU.ActiveCfg = Debug|Any CPU
		{389887DD-F837-46F0-A752-110B6840C326}.Debug|Any CPU.Build.0 = Debug|Any CPU
		{389887DD-F837-46F0-A752-110B6840C326}.Release|Any CPU.ActiveCfg = Release|Any CPU
		{389887DD-F837-46F0-A752-110B6840C326}.Release|Any CPU.Build.0 = Release|Any CPU
		{4FA34CE8-CCD1-46AF-B84D-3F05151D5532}.Debug|Any CPU.ActiveCfg = Debug|Any CPU
		{4FA34CE8-CCD1-46AF-B84D-3F05151D5532}.Debug|Any CPU.Build.0 = Debug|Any CPU
		{4FA34CE8-CCD1-46AF-B84D-3F05151D5532}.Release|Any CPU.ActiveCfg = Release|Any CPU
		{4FA34CE8-CCD1-46AF-B84D-3F05151D5532}.Release|Any CPU.Build.0 = Release|Any CPU
		{386EAFFD-6563-4085-8360-6A945D9C4D40}.Debug|Any CPU.ActiveCfg = Debug|Any CPU
		{386EAFFD-6563-4085-8360-6A945D9C4D40}.Debug|Any CPU.Build.0 = Debug|Any CPU
		{386EAFFD-6563-4085-8360-6A945D9C4D40}.Release|Any CPU.ActiveCfg = Release|Any CPU
		{386EAFFD-6563-4085-8360-6A945D9C4D40}.Release|Any CPU.Build.0 = Release|Any CPU
		{EA524E6D-EBFC-4ADC-BAE6-06E695C17D4E}.Debug|Any CPU.ActiveCfg = Debug|Any CPU
		{EA524E6D-EBFC-4ADC-BAE6-06E695C17D4E}.Debug|Any CPU.Build.0 = Debug|Any CPU
		{EA524E6D-EBFC-4ADC-BAE6-06E695C17D4E}.Release|Any CPU.ActiveCfg = Release|Any CPU
		{EA524E6D-EBFC-4ADC-BAE6-06E695C17D4E}.Release|Any CPU.Build.0 = Release|Any CPU
		{9025D8D3-B9D4-4259-8C14-4487C1CC30AD}.Debug|Any CPU.ActiveCfg = Debug|Any CPU
		{9025D8D3-B9D4-4259-8C14-4487C1CC30AD}.Debug|Any CPU.Build.0 = Debug|Any CPU
		{9025D8D3-B9D4-4259-8C14-4487C1CC30AD}.Release|Any CPU.ActiveCfg = Release|Any CPU
		{9025D8D3-B9D4-4259-8C14-4487C1CC30AD}.Release|Any CPU.Build.0 = Release|Any CPU
		{1BAE0099-44BA-4DF4-A457-8DFAB6BE2C4E}.Debug|Any CPU.ActiveCfg = Debug|Any CPU
		{1BAE0099-44BA-4DF4-A457-8DFAB6BE2C4E}.Debug|Any CPU.Build.0 = Debug|Any CPU
		{1BAE0099-44BA-4DF4-A457-8DFAB6BE2C4E}.Release|Any CPU.ActiveCfg = Release|Any CPU
		{1BAE0099-44BA-4DF4-A457-8DFAB6BE2C4E}.Release|Any CPU.Build.0 = Release|Any CPU
	EndGlobalSection
	GlobalSection(SolutionProperties) = preSolution
		HideSolutionNode = FALSE
	EndGlobalSection
	GlobalSection(NestedProjects) = preSolution
		{389887DD-F837-46F0-A752-110B6840C326} = {4C6023BE-8600-4E19-8EE7-4D1F01A8B126}
		{4FA34CE8-CCD1-46AF-B84D-3F05151D5532} = {85B9DB78-020A-4116-B085-654085EDFB87}
		{92705B96-77E6-41A4-8A1F-86456565BE63} = {37B31E94-9C62-419E-8C51-06AD2B24AA49}
		{9025D8D3-B9D4-4259-8C14-4487C1CC30AD} = {37B31E94-9C62-419E-8C51-06AD2B24AA49}
		{EA524E6D-EBFC-4ADC-BAE6-06E695C17D4E} = {37B31E94-9C62-419E-8C51-06AD2B24AA49}
		{386EAFFD-6563-4085-8360-6A945D9C4D40} = {BAAF0650-0843-474A-B8BE-B41A00348190}
		{1BAE0099-44BA-4DF4-A457-8DFAB6BE2C4E} = {52847CBE-8699-42BC-BFF1-8411FD5613F7}
	EndGlobalSection
EndGlobal
